// !$*UTF8*$!
{
	archiveVersion = 1;
	classes = {
	};
	objectVersion = 50;
	objects = {

/* Begin PBXBuildFile section */
		8023AD74218728480041A04C /* EditCardViewController.swift in Sources */ = {isa = PBXBuildFile; fileRef = 8023AD73218728480041A04C /* EditCardViewController.swift */; };
		803DDCEF2162361800BD91BC /* FirebaseDatabaseService.swift in Sources */ = {isa = PBXBuildFile; fileRef = 803DDCEE2162361800BD91BC /* FirebaseDatabaseService.swift */; };
		803DDCF1216255BE00BD91BC /* Card.swift in Sources */ = {isa = PBXBuildFile; fileRef = 803DDCF0216255BE00BD91BC /* Card.swift */; };
		803DDCF72162873300BD91BC /* CardCollectionViewCell.swift in Sources */ = {isa = PBXBuildFile; fileRef = 803DDCF62162873300BD91BC /* CardCollectionViewCell.swift */; };
		803DDCF92162934500BD91BC /* DetailedViewController.swift in Sources */ = {isa = PBXBuildFile; fileRef = 803DDCF82162934500BD91BC /* DetailedViewController.swift */; };
		803DDCFB21635B5A00BD91BC /* AccountViewController.swift in Sources */ = {isa = PBXBuildFile; fileRef = 803DDCFA21635B5A00BD91BC /* AccountViewController.swift */; };
		804239F52176479D004AC960 /* UserDefaults+LoginData.swift in Sources */ = {isa = PBXBuildFile; fileRef = 804239F42176479D004AC960 /* UserDefaults+LoginData.swift */; };
		804239FB21773669004AC960 /* ScannerViewController.swift in Sources */ = {isa = PBXBuildFile; fileRef = 804239FA21773669004AC960 /* ScannerViewController.swift */; };
		804239FD217764A8004AC960 /* ScannerService.swift in Sources */ = {isa = PBXBuildFile; fileRef = 804239FC217764A8004AC960 /* ScannerService.swift */; };
		8051661121B030F5005275B1 /* TabBarController.swift in Sources */ = {isa = PBXBuildFile; fileRef = 8051661021B030F5005275B1 /* TabBarController.swift */; };
		8051664C21B69E70005275B1 /* CGImage+Extensions.swift in Sources */ = {isa = PBXBuildFile; fileRef = 8051664B21B69E70005275B1 /* CGImage+Extensions.swift */; };
		8051664E21B6BA26005275B1 /* CardGradientLayer.swift in Sources */ = {isa = PBXBuildFile; fileRef = 8051664D21B6BA26005275B1 /* CardGradientLayer.swift */; };
		8051665021B7CB1A005275B1 /* Effects.swift in Sources */ = {isa = PBXBuildFile; fileRef = 8051664F21B7CB1A005275B1 /* Effects.swift */; };
		80565DB921B826A600A54088 /* Assets.xcassets in Resources */ = {isa = PBXBuildFile; fileRef = 80565DB821B826A600A54088 /* Assets.xcassets */; };
		80565DC821B9830800A54088 /* UIImageView+Extensions.swift in Sources */ = {isa = PBXBuildFile; fileRef = 80565DC721B9830800A54088 /* UIImageView+Extensions.swift */; };
		80565DCE21B9A73D00A54088 /* LottieImages.swift in Sources */ = {isa = PBXBuildFile; fileRef = 80565DCD21B9A73D00A54088 /* LottieImages.swift */; };
		805C263B21C27C2E00F9A74D /* ManualCard.xib in Resources */ = {isa = PBXBuildFile; fileRef = 805C263A21C27C2E00F9A74D /* ManualCard.xib */; };
		805C263D21C27C4C00F9A74D /* ManualCardView.swift in Sources */ = {isa = PBXBuildFile; fileRef = 805C263C21C27C4C00F9A74D /* ManualCardView.swift */; };
		805C263F21C7CCC900F9A74D /* UIView+Extensions.swift in Sources */ = {isa = PBXBuildFile; fileRef = 805C263E21C7CCC900F9A74D /* UIView+Extensions.swift */; };
		806EEF032170D55E00A6EFE6 /* StoryboardsName.swift in Sources */ = {isa = PBXBuildFile; fileRef = 806EEF022170D55E00A6EFE6 /* StoryboardsName.swift */; };
		806FE3F721A562F00009745A /* ShortcutItem.plist in Resources */ = {isa = PBXBuildFile; fileRef = 806FE3F621A562F00009745A /* ShortcutItem.plist */; };
		806FE3FA21A571A50009745A /* FileHandler.swift in Sources */ = {isa = PBXBuildFile; fileRef = 806FE3F921A571A50009745A /* FileHandler.swift */; };
		806FE3FC21A573B30009745A /* LastCard.swift in Sources */ = {isa = PBXBuildFile; fileRef = 806FE3FB21A573B30009745A /* LastCard.swift */; };
		806FE3FE21A5749D0009745A /* ErrorToThrow.swift in Sources */ = {isa = PBXBuildFile; fileRef = 806FE3FD21A5749D0009745A /* ErrorToThrow.swift */; };
		8073E2E62180597E00C380AD /* AnimatedView.xib in Resources */ = {isa = PBXBuildFile; fileRef = 8073E2E52180597E00C380AD /* AnimatedView.xib */; };
		8073E2E821805B0000C380AD /* AnimatedView.swift in Sources */ = {isa = PBXBuildFile; fileRef = 8073E2E721805B0000C380AD /* AnimatedView.swift */; };
		8073E2EB21805C4100C380AD /* BackLayer.swift in Sources */ = {isa = PBXBuildFile; fileRef = 8073E2EA21805C4100C380AD /* BackLayer.swift */; };
		8073E2ED21805C6500C380AD /* CardLayer.swift in Sources */ = {isa = PBXBuildFile; fileRef = 8073E2EC21805C6500C380AD /* CardLayer.swift */; };
		8073E2EF21805CB300C380AD /* CheckLayer.swift in Sources */ = {isa = PBXBuildFile; fileRef = 8073E2EE21805CB300C380AD /* CheckLayer.swift */; };
		8073E2F121805CDE00C380AD /* PhoneLayer.swift in Sources */ = {isa = PBXBuildFile; fileRef = 8073E2F021805CDE00C380AD /* PhoneLayer.swift */; };
		8073E2F621805D3C00C380AD /* UIImage+Extensions.swift in Sources */ = {isa = PBXBuildFile; fileRef = 8073E2F521805D3C00C380AD /* UIImage+Extensions.swift */; };
		8073E2F92180608C00C380AD /* Animations.swift in Sources */ = {isa = PBXBuildFile; fileRef = 8073E2F82180608C00C380AD /* Animations.swift */; };
		8073E2FB2180609E00C380AD /* CAAnimation+Block.swift in Sources */ = {isa = PBXBuildFile; fileRef = 8073E2FA2180609E00C380AD /* CAAnimation+Block.swift */; };
		8073E2FE2180694800C380AD /* SquareLayer.swift in Sources */ = {isa = PBXBuildFile; fileRef = 8073E2FD2180694800C380AD /* SquareLayer.swift */; };
		8073E3052181CD1B00C380AD /* UIViewController+Extensions.swift in Sources */ = {isa = PBXBuildFile; fileRef = 8073E3042181CD1B00C380AD /* UIViewController+Extensions.swift */; };
		807D95FE2159147C00ABB0D2 /* AppDelegate.swift in Sources */ = {isa = PBXBuildFile; fileRef = 807D95FD2159147C00ABB0D2 /* AppDelegate.swift */; };
		807D96002159147C00ABB0D2 /* LoginViewController.swift in Sources */ = {isa = PBXBuildFile; fileRef = 807D95FF2159147C00ABB0D2 /* LoginViewController.swift */; };
		807D96032159147C00ABB0D2 /* Main.storyboard in Resources */ = {isa = PBXBuildFile; fileRef = 807D96012159147C00ABB0D2 /* Main.storyboard */; };
		807D96082159147E00ABB0D2 /* LaunchScreen.storyboard in Resources */ = {isa = PBXBuildFile; fileRef = 807D96062159147E00ABB0D2 /* LaunchScreen.storyboard */; };
		809333682159379900C02D11 /* GoogleLoginService.swift in Sources */ = {isa = PBXBuildFile; fileRef = 809333672159379900C02D11 /* GoogleLoginService.swift */; };
		8093336E2159489000C02D11 /* HomeViewController.swift in Sources */ = {isa = PBXBuildFile; fileRef = 8093336D2159488F00C02D11 /* HomeViewController.swift */; };
		80933370215A37B900C02D11 /* User.swift in Sources */ = {isa = PBXBuildFile; fileRef = 8093336F215A37B900C02D11 /* User.swift */; };
		8095AC62219AE6370025DD4C /* LocalNotifications.swift in Sources */ = {isa = PBXBuildFile; fileRef = 8095AC61219AE6370025DD4C /* LocalNotifications.swift */; };
		8095AC64219B4AF60025DD4C /* Connectivity.swift in Sources */ = {isa = PBXBuildFile; fileRef = 8095AC63219B4AF60025DD4C /* Connectivity.swift */; };
		809706362163B91500185E82 /* NavigationControllerService.swift in Sources */ = {isa = PBXBuildFile; fileRef = 809706352163B91500185E82 /* NavigationControllerService.swift */; };
		8097063F2164BEF800185E82 /* FbLoginService.swift in Sources */ = {isa = PBXBuildFile; fileRef = 8097063E2164BEF800185E82 /* FbLoginService.swift */; };
		809706432164D64700185E82 /* FirebaseLoginService.swift in Sources */ = {isa = PBXBuildFile; fileRef = 809706422164D64700185E82 /* FirebaseLoginService.swift */; };
		809AA5E62194746100AD1690 /* LicenceViewController.swift in Sources */ = {isa = PBXBuildFile; fileRef = 809AA5E52194746100AD1690 /* LicenceViewController.swift */; };
		809AA5E82194847A00AD1690 /* SafariView.swift in Sources */ = {isa = PBXBuildFile; fileRef = 809AA5E72194847A00AD1690 /* SafariView.swift */; };
		809AA5ED2194902000AD1690 /* PreferencesTableViewController.swift in Sources */ = {isa = PBXBuildFile; fileRef = 809AA5EC2194902000AD1690 /* PreferencesTableViewController.swift */; };
		80AD24622199A3AE00415644 /* BarcodeGenerator.swift in Sources */ = {isa = PBXBuildFile; fileRef = 80AD24612199A3AE00415644 /* BarcodeGenerator.swift */; };
		80D01E922190771E00CA1AE6 /* Downloader.swift in Sources */ = {isa = PBXBuildFile; fileRef = 80D01E912190771E00CA1AE6 /* Downloader.swift */; };
		80D01E9421909D4400CA1AE6 /* GoogleService-Info.plist in Resources */ = {isa = PBXBuildFile; fileRef = 80D01E9321909D4400CA1AE6 /* GoogleService-Info.plist */; };
		80D51D4121A2CA5C00DD048B /* Localizable.strings in Resources */ = {isa = PBXBuildFile; fileRef = 80D51D4321A2CA5C00DD048B /* Localizable.strings */; };
		80D51D4521A2CB6D00DD048B /* Preferences.storyboard in Resources */ = {isa = PBXBuildFile; fileRef = 80D51D4721A2CB6D00DD048B /* Preferences.storyboard */; };
		80D51D4A21A2CB9200DD048B /* Login.storyboard in Resources */ = {isa = PBXBuildFile; fileRef = 80D51D4C21A2CB9200DD048B /* Login.storyboard */; };
		80D51D5121A2CF2700DD048B /* TouchIDLogin.storyboard in Resources */ = {isa = PBXBuildFile; fileRef = 80D51D5321A2CF2700DD048B /* TouchIDLogin.storyboard */; };
		80E51EFF2195A0F300F43624 /* Authenticator.swift in Sources */ = {isa = PBXBuildFile; fileRef = 80E51EFE2195A0F300F43624 /* Authenticator.swift */; };
		80E51F032195AA2600F43624 /* TouchLoginViewController.swift in Sources */ = {isa = PBXBuildFile; fileRef = 80E51F022195AA2600F43624 /* TouchLoginViewController.swift */; };
		80EC804C21BACF8400D75865 /* Lottie.framework in Frameworks */ = {isa = PBXBuildFile; fileRef = 80EC804B21BACF8400D75865 /* Lottie.framework */; };
		80EC804D21BACF8400D75865 /* Lottie.framework in Embed Frameworks */ = {isa = PBXBuildFile; fileRef = 80EC804B21BACF8400D75865 /* Lottie.framework */; settings = {ATTRIBUTES = (CodeSignOnCopy, RemoveHeadersOnCopy, ); }; };
		80FCB06E21BA6C0300526E69 /* ProposeAddCardView.xib in Resources */ = {isa = PBXBuildFile; fileRef = 80FCB06D21BA6C0300526E69 /* ProposeAddCardView.xib */; };
		80FCB07021BA6DD800526E69 /* ProposeAddCardView.swift in Sources */ = {isa = PBXBuildFile; fileRef = 80FCB06F21BA6DD800526E69 /* ProposeAddCardView.swift */; };
		AEC9877B32351447C491C39E /* Pods_CardGuru.framework in Frameworks */ = {isa = PBXBuildFile; fileRef = 8EAB4655D597EACAF7D4C5B1 /* Pods_CardGuru.framework */; settings = {ATTRIBUTES = (Required, ); }; };
		CE462E092185125C0091D8C4 /* LoginBackgroundLayer.swift in Sources */ = {isa = PBXBuildFile; fileRef = CE462E082185125C0091D8C4 /* LoginBackgroundLayer.swift */; };
		CE75A70A218D02070014984C /* Mauryssel_Bold.ttf in Resources */ = {isa = PBXBuildFile; fileRef = CE75A709218D01A60014984C /* Mauryssel_Bold.ttf */; };
		CECE4B08218F6C41000D52E9 /* ImagePickerClass.swift in Sources */ = {isa = PBXBuildFile; fileRef = CECE4B07218F6C41000D52E9 /* ImagePickerClass.swift */; };
		CEF63EF121BC5E6400BD0C2E /* AnimatedStartViewController.swift in Sources */ = {isa = PBXBuildFile; fileRef = CEF63EF021BC5E6400BD0C2E /* AnimatedStartViewController.swift */; };
		CEF63EF321BC674200BD0C2E /* Start.storyboard in Resources */ = {isa = PBXBuildFile; fileRef = CEF63EF221BC674200BD0C2E /* Start.storyboard */; };
/* End PBXBuildFile section */

/* Begin PBXCopyFilesBuildPhase section */
		80EC804A21BAC55000D75865 /* Embed Frameworks */ = {
			isa = PBXCopyFilesBuildPhase;
			buildActionMask = 2147483647;
			dstPath = "";
			dstSubfolderSpec = 10;
			files = (
				80EC804D21BACF8400D75865 /* Lottie.framework in Embed Frameworks */,
			);
			name = "Embed Frameworks";
			runOnlyForDeploymentPostprocessing = 0;
		};
/* End PBXCopyFilesBuildPhase section */

/* Begin PBXFileReference section */
		8023AD73218728480041A04C /* EditCardViewController.swift */ = {isa = PBXFileReference; lastKnownFileType = sourcecode.swift; path = EditCardViewController.swift; sourceTree = "<group>"; };
		803DDCEE2162361800BD91BC /* FirebaseDatabaseService.swift */ = {isa = PBXFileReference; lastKnownFileType = sourcecode.swift; path = FirebaseDatabaseService.swift; sourceTree = "<group>"; };
		803DDCF0216255BE00BD91BC /* Card.swift */ = {isa = PBXFileReference; lastKnownFileType = sourcecode.swift; path = Card.swift; sourceTree = "<group>"; };
		803DDCF62162873300BD91BC /* CardCollectionViewCell.swift */ = {isa = PBXFileReference; lastKnownFileType = sourcecode.swift; path = CardCollectionViewCell.swift; sourceTree = "<group>"; };
		803DDCF82162934500BD91BC /* DetailedViewController.swift */ = {isa = PBXFileReference; lastKnownFileType = sourcecode.swift; path = DetailedViewController.swift; sourceTree = "<group>"; };
		803DDCFA21635B5A00BD91BC /* AccountViewController.swift */ = {isa = PBXFileReference; lastKnownFileType = sourcecode.swift; path = AccountViewController.swift; sourceTree = "<group>"; };
		804239F42176479D004AC960 /* UserDefaults+LoginData.swift */ = {isa = PBXFileReference; lastKnownFileType = sourcecode.swift; path = "UserDefaults+LoginData.swift"; sourceTree = "<group>"; };
		804239FA21773669004AC960 /* ScannerViewController.swift */ = {isa = PBXFileReference; lastKnownFileType = sourcecode.swift; path = ScannerViewController.swift; sourceTree = "<group>"; };
		804239FC217764A8004AC960 /* ScannerService.swift */ = {isa = PBXFileReference; lastKnownFileType = sourcecode.swift; path = ScannerService.swift; sourceTree = "<group>"; };
		8051661021B030F5005275B1 /* TabBarController.swift */ = {isa = PBXFileReference; lastKnownFileType = sourcecode.swift; path = TabBarController.swift; sourceTree = "<group>"; };
		8051661321B03705005275B1 /* uk */ = {isa = PBXFileReference; lastKnownFileType = text.plist.strings; name = uk; path = uk.lproj/Preferences.strings; sourceTree = "<group>"; };
		8051661C21B55BC2005275B1 /* uk */ = {isa = PBXFileReference; lastKnownFileType = text.plist.strings; name = uk; path = uk.lproj/Main.strings; sourceTree = "<group>"; };
		8051664B21B69E70005275B1 /* CGImage+Extensions.swift */ = {isa = PBXFileReference; lastKnownFileType = sourcecode.swift; path = "CGImage+Extensions.swift"; sourceTree = "<group>"; };
		8051664D21B6BA26005275B1 /* CardGradientLayer.swift */ = {isa = PBXFileReference; lastKnownFileType = sourcecode.swift; path = CardGradientLayer.swift; sourceTree = "<group>"; };
		8051664F21B7CB1A005275B1 /* Effects.swift */ = {isa = PBXFileReference; lastKnownFileType = sourcecode.swift; path = Effects.swift; sourceTree = "<group>"; };
		80565DB821B826A600A54088 /* Assets.xcassets */ = {isa = PBXFileReference; lastKnownFileType = folder.assetcatalog; path = Assets.xcassets; sourceTree = "<group>"; };
		80565DC721B9830800A54088 /* UIImageView+Extensions.swift */ = {isa = PBXFileReference; lastKnownFileType = sourcecode.swift; path = "UIImageView+Extensions.swift"; sourceTree = "<group>"; };
		80565DCB21B9A69C00A54088 /* Lottie.framework */ = {isa = PBXFileReference; explicitFileType = wrapper.framework; path = Lottie.framework; sourceTree = BUILT_PRODUCTS_DIR; };
		80565DCD21B9A73D00A54088 /* LottieImages.swift */ = {isa = PBXFileReference; lastKnownFileType = sourcecode.swift; path = LottieImages.swift; sourceTree = "<group>"; };
		805C263A21C27C2E00F9A74D /* ManualCard.xib */ = {isa = PBXFileReference; lastKnownFileType = file.xib; path = ManualCard.xib; sourceTree = "<group>"; };
		805C263C21C27C4C00F9A74D /* ManualCardView.swift */ = {isa = PBXFileReference; lastKnownFileType = sourcecode.swift; path = ManualCardView.swift; sourceTree = "<group>"; };
		805C263E21C7CCC900F9A74D /* UIView+Extensions.swift */ = {isa = PBXFileReference; lastKnownFileType = sourcecode.swift; path = "UIView+Extensions.swift"; sourceTree = "<group>"; };
		806EEF022170D55E00A6EFE6 /* StoryboardsName.swift */ = {isa = PBXFileReference; lastKnownFileType = sourcecode.swift; path = StoryboardsName.swift; sourceTree = "<group>"; };
		806FE3F621A562F00009745A /* ShortcutItem.plist */ = {isa = PBXFileReference; lastKnownFileType = text.plist.xml; path = ShortcutItem.plist; sourceTree = "<group>"; };
		806FE3F921A571A50009745A /* FileHandler.swift */ = {isa = PBXFileReference; lastKnownFileType = sourcecode.swift; path = FileHandler.swift; sourceTree = "<group>"; };
		806FE3FB21A573B30009745A /* LastCard.swift */ = {isa = PBXFileReference; lastKnownFileType = sourcecode.swift; path = LastCard.swift; sourceTree = "<group>"; };
		806FE3FD21A5749D0009745A /* ErrorToThrow.swift */ = {isa = PBXFileReference; lastKnownFileType = sourcecode.swift; path = ErrorToThrow.swift; sourceTree = "<group>"; };
		8073E2E52180597E00C380AD /* AnimatedView.xib */ = {isa = PBXFileReference; lastKnownFileType = file.xib; path = AnimatedView.xib; sourceTree = "<group>"; };
		8073E2E721805B0000C380AD /* AnimatedView.swift */ = {isa = PBXFileReference; lastKnownFileType = sourcecode.swift; path = AnimatedView.swift; sourceTree = "<group>"; };
		8073E2EA21805C4100C380AD /* BackLayer.swift */ = {isa = PBXFileReference; lastKnownFileType = sourcecode.swift; path = BackLayer.swift; sourceTree = "<group>"; };
		8073E2EC21805C6500C380AD /* CardLayer.swift */ = {isa = PBXFileReference; lastKnownFileType = sourcecode.swift; path = CardLayer.swift; sourceTree = "<group>"; };
		8073E2EE21805CB300C380AD /* CheckLayer.swift */ = {isa = PBXFileReference; lastKnownFileType = sourcecode.swift; path = CheckLayer.swift; sourceTree = "<group>"; };
		8073E2F021805CDE00C380AD /* PhoneLayer.swift */ = {isa = PBXFileReference; lastKnownFileType = sourcecode.swift; path = PhoneLayer.swift; sourceTree = "<group>"; };
		8073E2F521805D3C00C380AD /* UIImage+Extensions.swift */ = {isa = PBXFileReference; lastKnownFileType = sourcecode.swift; path = "UIImage+Extensions.swift"; sourceTree = "<group>"; };
		8073E2F82180608C00C380AD /* Animations.swift */ = {isa = PBXFileReference; lastKnownFileType = sourcecode.swift; path = Animations.swift; sourceTree = "<group>"; };
		8073E2FA2180609E00C380AD /* CAAnimation+Block.swift */ = {isa = PBXFileReference; lastKnownFileType = sourcecode.swift; path = "CAAnimation+Block.swift"; sourceTree = "<group>"; };
		8073E2FD2180694800C380AD /* SquareLayer.swift */ = {isa = PBXFileReference; lastKnownFileType = sourcecode.swift; path = SquareLayer.swift; sourceTree = "<group>"; };
		8073E3042181CD1B00C380AD /* UIViewController+Extensions.swift */ = {isa = PBXFileReference; lastKnownFileType = sourcecode.swift; path = "UIViewController+Extensions.swift"; sourceTree = "<group>"; };
		8073E3062183054D00C380AD /* CardGuru.entitlements */ = {isa = PBXFileReference; lastKnownFileType = text.plist.entitlements; path = CardGuru.entitlements; sourceTree = "<group>"; };
		807D95FA2159147C00ABB0D2 /* CardGuru.app */ = {isa = PBXFileReference; explicitFileType = wrapper.application; includeInIndex = 0; path = CardGuru.app; sourceTree = BUILT_PRODUCTS_DIR; };
		807D95FD2159147C00ABB0D2 /* AppDelegate.swift */ = {isa = PBXFileReference; lastKnownFileType = sourcecode.swift; path = AppDelegate.swift; sourceTree = "<group>"; };
		807D95FF2159147C00ABB0D2 /* LoginViewController.swift */ = {isa = PBXFileReference; lastKnownFileType = sourcecode.swift; path = LoginViewController.swift; sourceTree = "<group>"; };
		807D96022159147C00ABB0D2 /* Base */ = {isa = PBXFileReference; lastKnownFileType = file.storyboard; name = Base; path = Base.lproj/Main.storyboard; sourceTree = "<group>"; };
		807D96072159147E00ABB0D2 /* Base */ = {isa = PBXFileReference; lastKnownFileType = file.storyboard; name = Base; path = Base.lproj/LaunchScreen.storyboard; sourceTree = "<group>"; };
		807D96092159147E00ABB0D2 /* Info.plist */ = {isa = PBXFileReference; lastKnownFileType = text.plist.xml; path = Info.plist; sourceTree = "<group>"; };
		809333672159379900C02D11 /* GoogleLoginService.swift */ = {isa = PBXFileReference; fileEncoding = 4; lastKnownFileType = sourcecode.swift; path = GoogleLoginService.swift; sourceTree = "<group>"; };
		8093336D2159488F00C02D11 /* HomeViewController.swift */ = {isa = PBXFileReference; lastKnownFileType = sourcecode.swift; path = HomeViewController.swift; sourceTree = "<group>"; };
		8093336F215A37B900C02D11 /* User.swift */ = {isa = PBXFileReference; lastKnownFileType = sourcecode.swift; path = User.swift; sourceTree = "<group>"; };
		8095AC61219AE6370025DD4C /* LocalNotifications.swift */ = {isa = PBXFileReference; lastKnownFileType = sourcecode.swift; path = LocalNotifications.swift; sourceTree = "<group>"; };
		8095AC63219B4AF60025DD4C /* Connectivity.swift */ = {isa = PBXFileReference; lastKnownFileType = sourcecode.swift; path = Connectivity.swift; sourceTree = "<group>"; };
		809706352163B91500185E82 /* NavigationControllerService.swift */ = {isa = PBXFileReference; lastKnownFileType = sourcecode.swift; path = NavigationControllerService.swift; sourceTree = "<group>"; };
		8097063E2164BEF800185E82 /* FbLoginService.swift */ = {isa = PBXFileReference; lastKnownFileType = sourcecode.swift; path = FbLoginService.swift; sourceTree = "<group>"; };
		809706422164D64700185E82 /* FirebaseLoginService.swift */ = {isa = PBXFileReference; lastKnownFileType = sourcecode.swift; path = FirebaseLoginService.swift; sourceTree = "<group>"; };
		809AA5E52194746100AD1690 /* LicenceViewController.swift */ = {isa = PBXFileReference; lastKnownFileType = sourcecode.swift; path = LicenceViewController.swift; sourceTree = "<group>"; };
		809AA5E72194847A00AD1690 /* SafariView.swift */ = {isa = PBXFileReference; lastKnownFileType = sourcecode.swift; path = SafariView.swift; sourceTree = "<group>"; };
		809AA5EC2194902000AD1690 /* PreferencesTableViewController.swift */ = {isa = PBXFileReference; lastKnownFileType = sourcecode.swift; path = PreferencesTableViewController.swift; sourceTree = "<group>"; };
		80AD24612199A3AE00415644 /* BarcodeGenerator.swift */ = {isa = PBXFileReference; lastKnownFileType = sourcecode.swift; path = BarcodeGenerator.swift; sourceTree = "<group>"; };
		80D01E912190771E00CA1AE6 /* Downloader.swift */ = {isa = PBXFileReference; lastKnownFileType = sourcecode.swift; path = Downloader.swift; sourceTree = "<group>"; };
		80D01E9321909D4400CA1AE6 /* GoogleService-Info.plist */ = {isa = PBXFileReference; fileEncoding = 4; lastKnownFileType = text.plist.xml; path = "GoogleService-Info.plist"; sourceTree = "<group>"; };
		80D51D4421A2CA5E00DD048B /* uk */ = {isa = PBXFileReference; lastKnownFileType = text.plist.strings; name = uk; path = uk.lproj/Localizable.strings; sourceTree = "<group>"; };
		80D51D4621A2CB6D00DD048B /* Base */ = {isa = PBXFileReference; lastKnownFileType = file.storyboard; name = Base; path = Base.lproj/Preferences.storyboard; sourceTree = "<group>"; };
		80D51D4B21A2CB9200DD048B /* Base */ = {isa = PBXFileReference; lastKnownFileType = file.storyboard; name = Base; path = Base.lproj/Login.storyboard; sourceTree = "<group>"; };
		80D51D5221A2CF2700DD048B /* Base */ = {isa = PBXFileReference; lastKnownFileType = file.storyboard; name = Base; path = Base.lproj/TouchIDLogin.storyboard; sourceTree = "<group>"; };
		80E51EFE2195A0F300F43624 /* Authenticator.swift */ = {isa = PBXFileReference; lastKnownFileType = sourcecode.swift; path = Authenticator.swift; sourceTree = "<group>"; };
		80E51F022195AA2600F43624 /* TouchLoginViewController.swift */ = {isa = PBXFileReference; lastKnownFileType = sourcecode.swift; path = TouchLoginViewController.swift; sourceTree = "<group>"; };
		80EC804B21BACF8400D75865 /* Lottie.framework */ = {isa = PBXFileReference; explicitFileType = wrapper.framework; path = Lottie.framework; sourceTree = BUILT_PRODUCTS_DIR; };
		80EC804E21BAD7C500D75865 /* Lottie.framework */ = {isa = PBXFileReference; lastKnownFileType = wrapper.framework; name = Lottie.framework; path = "../../../../../Library/Developer/Xcode/DerivedData/CardGuru-eawjxlwwtjioxwcfxobeqtuxbzne/Build/Products/Debug-iphoneos/Lottie.framework"; sourceTree = "<group>"; };
		80FCB06121B9ABCD00526E69 /* libLottie.a */ = {isa = PBXFileReference; explicitFileType = archive.ar; path = libLottie.a; sourceTree = BUILT_PRODUCTS_DIR; };
		80FCB06621B9AE3400526E69 /* libLottie.a */ = {isa = PBXFileReference; explicitFileType = archive.ar; path = libLottie.a; sourceTree = BUILT_PRODUCTS_DIR; };
		80FCB06D21BA6C0300526E69 /* ProposeAddCardView.xib */ = {isa = PBXFileReference; lastKnownFileType = file.xib; path = ProposeAddCardView.xib; sourceTree = "<group>"; };
		80FCB06F21BA6DD800526E69 /* ProposeAddCardView.swift */ = {isa = PBXFileReference; lastKnownFileType = sourcecode.swift; path = ProposeAddCardView.swift; sourceTree = "<group>"; };
		8EAB4655D597EACAF7D4C5B1 /* Pods_CardGuru.framework */ = {isa = PBXFileReference; explicitFileType = wrapper.framework; includeInIndex = 0; path = Pods_CardGuru.framework; sourceTree = BUILT_PRODUCTS_DIR; };
		9F5B4B4F07FD8D38049C4AB0 /* Pods-CardGuru.release.xcconfig */ = {isa = PBXFileReference; includeInIndex = 1; lastKnownFileType = text.xcconfig; name = "Pods-CardGuru.release.xcconfig"; path = "Pods/Target Support Files/Pods-CardGuru/Pods-CardGuru.release.xcconfig"; sourceTree = "<group>"; };
		C40CD970302DBBB3E575CE71 /* Pods-CardGuru.debug.xcconfig */ = {isa = PBXFileReference; includeInIndex = 1; lastKnownFileType = text.xcconfig; name = "Pods-CardGuru.debug.xcconfig"; path = "Pods/Target Support Files/Pods-CardGuru/Pods-CardGuru.debug.xcconfig"; sourceTree = "<group>"; };
		CE462E082185125C0091D8C4 /* LoginBackgroundLayer.swift */ = {isa = PBXFileReference; lastKnownFileType = sourcecode.swift; path = LoginBackgroundLayer.swift; sourceTree = "<group>"; };
		CE75A709218D01A60014984C /* Mauryssel_Bold.ttf */ = {isa = PBXFileReference; lastKnownFileType = file; path = Mauryssel_Bold.ttf; sourceTree = "<group>"; };
		CECE4B07218F6C41000D52E9 /* ImagePickerClass.swift */ = {isa = PBXFileReference; lastKnownFileType = sourcecode.swift; path = ImagePickerClass.swift; sourceTree = "<group>"; };
		CEF63EF021BC5E6400BD0C2E /* AnimatedStartViewController.swift */ = {isa = PBXFileReference; lastKnownFileType = sourcecode.swift; path = AnimatedStartViewController.swift; sourceTree = "<group>"; };
		CEF63EF221BC674200BD0C2E /* Start.storyboard */ = {isa = PBXFileReference; lastKnownFileType = file.storyboard; path = Start.storyboard; sourceTree = "<group>"; };
/* End PBXFileReference section */

/* Begin PBXFrameworksBuildPhase section */
		807D95F72159147C00ABB0D2 /* Frameworks */ = {
			isa = PBXFrameworksBuildPhase;
			buildActionMask = 2147483647;
			files = (
				AEC9877B32351447C491C39E /* Pods_CardGuru.framework in Frameworks */,
				80EC804C21BACF8400D75865 /* Lottie.framework in Frameworks */,
			);
			runOnlyForDeploymentPostprocessing = 0;
		};
/* End PBXFrameworksBuildPhase section */

/* Begin PBXGroup section */
		803DDCFC21636E3500BD91BC /* Model */ = {
			isa = PBXGroup;
			children = (
				8093336F215A37B900C02D11 /* User.swift */,
				806FE3FB21A573B30009745A /* LastCard.swift */,
				803DDCF0216255BE00BD91BC /* Card.swift */,
			);
			path = Model;
			sourceTree = "<group>";
		};
		803DDCFD21636E5200BD91BC /* View */ = {
			isa = PBXGroup;
			children = (
				8073E2E921805BCA00C380AD /* SubViews */,
				8073E2FF2180ABAD00C380AD /* Cell */,
			);
			path = View;
			sourceTree = "<group>";
		};
		803DDCFE21636E6400BD91BC /* Controller */ = {
			isa = PBXGroup;
			children = (
				809AA5EB219484E000AD1690 /* Cards */,
				809AA5EA219484CD00AD1690 /* Login */,
				809AA5E9219484A600AD1690 /* Preferences */,
				8051661421B0390C005275B1 /* TabBar */,
			);
			path = Controller;
			sourceTree = "<group>";
		};
		803DDCFF21636E9E00BD91BC /* Services */ = {
			isa = PBXGroup;
			children = (
				806FE3F821A571880009745A /* FileHandler */,
				80AD2463219AE5FD00415644 /* LocalNotifications */,
				80E51EFD2195A0C800F43624 /* Authentication */,
				80D01E90219076E300CA1AE6 /* Networking */,
				CECE4B09218F8F5D000D52E9 /* Images */,
				8073E2B0217DB76200C380AD /* Scanner */,
				806EEF062170D60500A6EFE6 /* Login */,
				806EEF0B2170D68D00A6EFE6 /* Database */,
				806EEF092170D66100A6EFE6 /* Navigation */,
			);
			path = Services;
			sourceTree = "<group>";
		};
		8051661421B0390C005275B1 /* TabBar */ = {
			isa = PBXGroup;
			children = (
				8051661021B030F5005275B1 /* TabBarController.swift */,
			);
			path = TabBar;
			sourceTree = "<group>";
		};
		806EEF062170D60500A6EFE6 /* Login */ = {
			isa = PBXGroup;
			children = (
				809333672159379900C02D11 /* GoogleLoginService.swift */,
				8097063E2164BEF800185E82 /* FbLoginService.swift */,
				804239F42176479D004AC960 /* UserDefaults+LoginData.swift */,
			);
			path = Login;
			sourceTree = "<group>";
		};
		806EEF092170D66100A6EFE6 /* Navigation */ = {
			isa = PBXGroup;
			children = (
				809706352163B91500185E82 /* NavigationControllerService.swift */,
			);
			path = Navigation;
			sourceTree = "<group>";
		};
		806EEF0B2170D68D00A6EFE6 /* Database */ = {
			isa = PBXGroup;
			children = (
				809706422164D64700185E82 /* FirebaseLoginService.swift */,
				803DDCEE2162361800BD91BC /* FirebaseDatabaseService.swift */,
			);
			path = Database;
			sourceTree = "<group>";
		};
		806FE3F821A571880009745A /* FileHandler */ = {
			isa = PBXGroup;
			children = (
				806FE3F921A571A50009745A /* FileHandler.swift */,
				806FE3FD21A5749D0009745A /* ErrorToThrow.swift */,
			);
			path = FileHandler;
			sourceTree = "<group>";
		};
		8073E2B0217DB76200C380AD /* Scanner */ = {
			isa = PBXGroup;
			children = (
				804239FC217764A8004AC960 /* ScannerService.swift */,
			);
			path = Scanner;
			sourceTree = "<group>";
		};
		8073E2E921805BCA00C380AD /* SubViews */ = {
			isa = PBXGroup;
			children = (
				8073E2E52180597E00C380AD /* AnimatedView.xib */,
				80FCB06D21BA6C0300526E69 /* ProposeAddCardView.xib */,
				805C263A21C27C2E00F9A74D /* ManualCard.xib */,
				8073E2E721805B0000C380AD /* AnimatedView.swift */,
				80FCB06F21BA6DD800526E69 /* ProposeAddCardView.swift */,
				805C263C21C27C4C00F9A74D /* ManualCardView.swift */,
			);
			path = SubViews;
			sourceTree = "<group>";
		};
		8073E2F221805CF400C380AD /* Layers */ = {
			isa = PBXGroup;
			children = (
				8073E2EA21805C4100C380AD /* BackLayer.swift */,
				8073E2FD2180694800C380AD /* SquareLayer.swift */,
				8073E2EC21805C6500C380AD /* CardLayer.swift */,
				8073E2EE21805CB300C380AD /* CheckLayer.swift */,
				8073E2F021805CDE00C380AD /* PhoneLayer.swift */,
				CE462E082185125C0091D8C4 /* LoginBackgroundLayer.swift */,
				8051664D21B6BA26005275B1 /* CardGradientLayer.swift */,
			);
			path = Layers;
			sourceTree = "<group>";
		};
		8073E2FC218060CF00C380AD /* Animation */ = {
			isa = PBXGroup;
			children = (
				8073E2F82180608C00C380AD /* Animations.swift */,
				8073E2FA2180609E00C380AD /* CAAnimation+Block.swift */,
			);
			path = Animation;
			sourceTree = "<group>";
		};
		8073E2FF2180ABAD00C380AD /* Cell */ = {
			isa = PBXGroup;
			children = (
				803DDCF62162873300BD91BC /* CardCollectionViewCell.swift */,
			);
			path = Cell;
			sourceTree = "<group>";
		};
		807D95F12159147C00ABB0D2 = {
			isa = PBXGroup;
			children = (
				80EC804B21BACF8400D75865 /* Lottie.framework */,
				807D95FC2159147C00ABB0D2 /* CardGuru */,
				807D95FB2159147C00ABB0D2 /* Products */,
				F689632D5D7CCD1B0755A983 /* Pods */,
				FAD93D0BC776F1DB6FF91C10 /* Frameworks */,
			);
			sourceTree = "<group>";
		};
		807D95FB2159147C00ABB0D2 /* Products */ = {
			isa = PBXGroup;
			children = (
				807D95FA2159147C00ABB0D2 /* CardGuru.app */,
			);
			name = Products;
			sourceTree = "<group>";
		};
		807D95FC2159147C00ABB0D2 /* CardGuru */ = {
			isa = PBXGroup;
			children = (
				8073E3062183054D00C380AD /* CardGuru.entitlements */,
				807D95FD2159147C00ABB0D2 /* AppDelegate.swift */,
				807D96092159147E00ABB0D2 /* Info.plist */,
				806FE3F621A562F00009745A /* ShortcutItem.plist */,
				80D01E9321909D4400CA1AE6 /* GoogleService-Info.plist */,
				809706392163BA3100185E82 /* Storyboard */,
				803DDCFC21636E3500BD91BC /* Model */,
				803DDCFD21636E5200BD91BC /* View */,
				803DDCFE21636E6400BD91BC /* Controller */,
				CE5462F8218372C7005FA82A /* Extensions */,
				803DDCFF21636E9E00BD91BC /* Services */,
				80AD245D2195D72200415644 /* Resources */,
			);
			path = CardGuru;
			sourceTree = "<group>";
		};
		809706392163BA3100185E82 /* Storyboard */ = {
			isa = PBXGroup;
			children = (
				807D96012159147C00ABB0D2 /* Main.storyboard */,
				80D51D4721A2CB6D00DD048B /* Preferences.storyboard */,
				80D51D4C21A2CB9200DD048B /* Login.storyboard */,
				807D96062159147E00ABB0D2 /* LaunchScreen.storyboard */,
				80D51D5321A2CF2700DD048B /* TouchIDLogin.storyboard */,
				CEF63EF221BC674200BD0C2E /* Start.storyboard */,
				806EEF022170D55E00A6EFE6 /* StoryboardsName.swift */,
			);
			path = Storyboard;
			sourceTree = "<group>";
		};
		809AA5E9219484A600AD1690 /* Preferences */ = {
			isa = PBXGroup;
			children = (
				809AA5EC2194902000AD1690 /* PreferencesTableViewController.swift */,
				803DDCFA21635B5A00BD91BC /* AccountViewController.swift */,
				809AA5E52194746100AD1690 /* LicenceViewController.swift */,
				809AA5E72194847A00AD1690 /* SafariView.swift */,
			);
			path = Preferences;
			sourceTree = "<group>";
		};
		809AA5EA219484CD00AD1690 /* Login */ = {
			isa = PBXGroup;
			children = (
				807D95FF2159147C00ABB0D2 /* LoginViewController.swift */,
				80E51F022195AA2600F43624 /* TouchLoginViewController.swift */,
				CEF63EF021BC5E6400BD0C2E /* AnimatedStartViewController.swift */,
			);
			path = Login;
			sourceTree = "<group>";
		};
		809AA5EB219484E000AD1690 /* Cards */ = {
			isa = PBXGroup;
			children = (
				8093336D2159488F00C02D11 /* HomeViewController.swift */,
				804239FA21773669004AC960 /* ScannerViewController.swift */,
				803DDCF82162934500BD91BC /* DetailedViewController.swift */,
				8023AD73218728480041A04C /* EditCardViewController.swift */,
			);
			path = Cards;
			sourceTree = "<group>";
		};
		80AD245D2195D72200415644 /* Resources */ = {
			isa = PBXGroup;
			children = (
				CE5462F9218373DC005FA82A /* Graphics */,
				CE75A708218D016E0014984C /* Fonts */,
				80D51D4321A2CA5C00DD048B /* Localizable.strings */,
				80565DB821B826A600A54088 /* Assets.xcassets */,
			);
			path = Resources;
			sourceTree = "<group>";
		};
		80AD24602199A38500415644 /* ImageEdit */ = {
			isa = PBXGroup;
			children = (
				80AD24612199A3AE00415644 /* BarcodeGenerator.swift */,
				8051664F21B7CB1A005275B1 /* Effects.swift */,
			);
			path = ImageEdit;
			sourceTree = "<group>";
		};
		80AD2463219AE5FD00415644 /* LocalNotifications */ = {
			isa = PBXGroup;
			children = (
				8095AC61219AE6370025DD4C /* LocalNotifications.swift */,
			);
			path = LocalNotifications;
			sourceTree = "<group>";
		};
		80D01E90219076E300CA1AE6 /* Networking */ = {
			isa = PBXGroup;
			children = (
				80D01E912190771E00CA1AE6 /* Downloader.swift */,
				8095AC63219B4AF60025DD4C /* Connectivity.swift */,
			);
			path = Networking;
			sourceTree = "<group>";
		};
		80E51EFD2195A0C800F43624 /* Authentication */ = {
			isa = PBXGroup;
			children = (
				80E51EFE2195A0F300F43624 /* Authenticator.swift */,
			);
			path = Authentication;
			sourceTree = "<group>";
		};
		CE5462F8218372C7005FA82A /* Extensions */ = {
			isa = PBXGroup;
			children = (
				8073E2F521805D3C00C380AD /* UIImage+Extensions.swift */,
				8073E3042181CD1B00C380AD /* UIViewController+Extensions.swift */,
				8051664B21B69E70005275B1 /* CGImage+Extensions.swift */,
				80565DC721B9830800A54088 /* UIImageView+Extensions.swift */,
				805C263E21C7CCC900F9A74D /* UIView+Extensions.swift */,
			);
			path = Extensions;
			sourceTree = "<group>";
		};
		CE5462F9218373DC005FA82A /* Graphics */ = {
			isa = PBXGroup;
			children = (
				80AD24602199A38500415644 /* ImageEdit */,
				8073E2F221805CF400C380AD /* Layers */,
				8073E2FC218060CF00C380AD /* Animation */,
			);
			path = Graphics;
			sourceTree = "<group>";
		};
		CE75A708218D016E0014984C /* Fonts */ = {
			isa = PBXGroup;
			children = (
				CE75A709218D01A60014984C /* Mauryssel_Bold.ttf */,
			);
			path = Fonts;
			sourceTree = "<group>";
		};
		CECE4B09218F8F5D000D52E9 /* Images */ = {
			isa = PBXGroup;
			children = (
				CECE4B07218F6C41000D52E9 /* ImagePickerClass.swift */,
				80565DCD21B9A73D00A54088 /* LottieImages.swift */,
				80EC804E21BAD7C500D75865 /* Lottie.framework */,
			);
			path = Images;
			sourceTree = "<group>";
		};
		F689632D5D7CCD1B0755A983 /* Pods */ = {
			isa = PBXGroup;
			children = (
				C40CD970302DBBB3E575CE71 /* Pods-CardGuru.debug.xcconfig */,
				9F5B4B4F07FD8D38049C4AB0 /* Pods-CardGuru.release.xcconfig */,
			);
			name = Pods;
			sourceTree = "<group>";
		};
		FAD93D0BC776F1DB6FF91C10 /* Frameworks */ = {
			isa = PBXGroup;
			children = (
				80FCB06621B9AE3400526E69 /* libLottie.a */,
				80FCB06121B9ABCD00526E69 /* libLottie.a */,
				80565DCB21B9A69C00A54088 /* Lottie.framework */,
				8EAB4655D597EACAF7D4C5B1 /* Pods_CardGuru.framework */,
			);
			name = Frameworks;
			sourceTree = "<group>";
		};
/* End PBXGroup section */

/* Begin PBXNativeTarget section */
		807D95F92159147C00ABB0D2 /* CardGuru */ = {
			isa = PBXNativeTarget;
			buildConfigurationList = 807D960C2159147E00ABB0D2 /* Build configuration list for PBXNativeTarget "CardGuru" */;
			buildPhases = (
				AAAB836904858FF86E4EC485 /* [CP] Check Pods Manifest.lock */,
				807D95F62159147C00ABB0D2 /* Sources */,
				807D95F72159147C00ABB0D2 /* Frameworks */,
				807D95F82159147C00ABB0D2 /* Resources */,
				8D0C9FA0BB809D020D12601A /* [CP] Embed Pods Frameworks */,
				B9170A430BBCE1F8CCF481FB /* [CP] Copy Pods Resources */,
				80EC804A21BAC55000D75865 /* Embed Frameworks */,
			);
			buildRules = (
			);
			dependencies = (
			);
			name = CardGuru;
			productName = CardGuru;
			productReference = 807D95FA2159147C00ABB0D2 /* CardGuru.app */;
			productType = "com.apple.product-type.application";
		};
/* End PBXNativeTarget section */

/* Begin PBXProject section */
		807D95F22159147C00ABB0D2 /* Project object */ = {
			isa = PBXProject;
			attributes = {
				LastSwiftUpdateCheck = 0940;
				LastUpgradeCheck = 0940;
				ORGANIZATIONNAME = Vova;
				TargetAttributes = {
					807D95F92159147C00ABB0D2 = {
						CreatedOnToolsVersion = 9.4.1;
						LastSwiftMigration = 1000;
						SystemCapabilities = {
							com.apple.Keychain = {
								enabled = 1;
							};
						};
					};
				};
			};
			buildConfigurationList = 807D95F52159147C00ABB0D2 /* Build configuration list for PBXProject "CardGuru" */;
			compatibilityVersion = "Xcode 9.3";
			developmentRegion = en;
			hasScannedForEncodings = 0;
			knownRegions = (
				en,
				Base,
				uk,
			);
			mainGroup = 807D95F12159147C00ABB0D2;
			productRefGroup = 807D95FB2159147C00ABB0D2 /* Products */;
			projectDirPath = "";
			projectRoot = "";
			targets = (
				807D95F92159147C00ABB0D2 /* CardGuru */,
			);
		};
/* End PBXProject section */

/* Begin PBXResourcesBuildPhase section */
		807D95F82159147C00ABB0D2 /* Resources */ = {
			isa = PBXResourcesBuildPhase;
			buildActionMask = 2147483647;
			files = (
				CE75A70A218D02070014984C /* Mauryssel_Bold.ttf in Resources */,
				80FCB06E21BA6C0300526E69 /* ProposeAddCardView.xib in Resources */,
				807D96082159147E00ABB0D2 /* LaunchScreen.storyboard in Resources */,
				CEF63EF321BC674200BD0C2E /* Start.storyboard in Resources */,
				80D01E9421909D4400CA1AE6 /* GoogleService-Info.plist in Resources */,
				806FE3F721A562F00009745A /* ShortcutItem.plist in Resources */,
				80D51D4A21A2CB9200DD048B /* Login.storyboard in Resources */,
				80D51D4121A2CA5C00DD048B /* Localizable.strings in Resources */,
				80D51D5121A2CF2700DD048B /* TouchIDLogin.storyboard in Resources */,
				805C263B21C27C2E00F9A74D /* ManualCard.xib in Resources */,
				807D96032159147C00ABB0D2 /* Main.storyboard in Resources */,
				8073E2E62180597E00C380AD /* AnimatedView.xib in Resources */,
				80565DB921B826A600A54088 /* Assets.xcassets in Resources */,
				80D51D4521A2CB6D00DD048B /* Preferences.storyboard in Resources */,
			);
			runOnlyForDeploymentPostprocessing = 0;
		};
/* End PBXResourcesBuildPhase section */

/* Begin PBXShellScriptBuildPhase section */
		8D0C9FA0BB809D020D12601A /* [CP] Embed Pods Frameworks */ = {
			isa = PBXShellScriptBuildPhase;
			buildActionMask = 2147483647;
			files = (
			);
			inputPaths = (
				"${SRCROOT}/Pods/Target Support Files/Pods-CardGuru/Pods-CardGuru-frameworks.sh",
				"${BUILT_PRODUCTS_DIR}/Alamofire/Alamofire.framework",
				"${BUILT_PRODUCTS_DIR}/AlamofireImage/AlamofireImage.framework",
				"${BUILT_PRODUCTS_DIR}/Bolts/Bolts.framework",
				"${BUILT_PRODUCTS_DIR}/FBSDKCoreKit/FBSDKCoreKit.framework",
				"${BUILT_PRODUCTS_DIR}/FBSDKLoginKit/FBSDKLoginKit.framework",
				"${BUILT_PRODUCTS_DIR}/FacebookCore/FacebookCore.framework",
				"${BUILT_PRODUCTS_DIR}/FacebookLogin/FacebookLogin.framework",
				"${BUILT_PRODUCTS_DIR}/GTMOAuth2/GTMOAuth2.framework",
				"${BUILT_PRODUCTS_DIR}/GTMSessionFetcher/GTMSessionFetcher.framework",
				"${BUILT_PRODUCTS_DIR}/GoogleToolboxForMac/GoogleToolboxForMac.framework",
				"${BUILT_PRODUCTS_DIR}/GoogleUtilities/GoogleUtilities.framework",
				"${BUILT_PRODUCTS_DIR}/SVProgressHUD/SVProgressHUD.framework",
				"${BUILT_PRODUCTS_DIR}/leveldb-library/leveldb.framework",
				"${BUILT_PRODUCTS_DIR}/nanopb/nanopb.framework",
			);
			name = "[CP] Embed Pods Frameworks";
			outputPaths = (
				"${TARGET_BUILD_DIR}/${FRAMEWORKS_FOLDER_PATH}/Alamofire.framework",
				"${TARGET_BUILD_DIR}/${FRAMEWORKS_FOLDER_PATH}/AlamofireImage.framework",
				"${TARGET_BUILD_DIR}/${FRAMEWORKS_FOLDER_PATH}/Bolts.framework",
				"${TARGET_BUILD_DIR}/${FRAMEWORKS_FOLDER_PATH}/FBSDKCoreKit.framework",
				"${TARGET_BUILD_DIR}/${FRAMEWORKS_FOLDER_PATH}/FBSDKLoginKit.framework",
				"${TARGET_BUILD_DIR}/${FRAMEWORKS_FOLDER_PATH}/FacebookCore.framework",
				"${TARGET_BUILD_DIR}/${FRAMEWORKS_FOLDER_PATH}/FacebookLogin.framework",
				"${TARGET_BUILD_DIR}/${FRAMEWORKS_FOLDER_PATH}/GTMOAuth2.framework",
				"${TARGET_BUILD_DIR}/${FRAMEWORKS_FOLDER_PATH}/GTMSessionFetcher.framework",
				"${TARGET_BUILD_DIR}/${FRAMEWORKS_FOLDER_PATH}/GoogleToolboxForMac.framework",
				"${TARGET_BUILD_DIR}/${FRAMEWORKS_FOLDER_PATH}/GoogleUtilities.framework",
				"${TARGET_BUILD_DIR}/${FRAMEWORKS_FOLDER_PATH}/SVProgressHUD.framework",
				"${TARGET_BUILD_DIR}/${FRAMEWORKS_FOLDER_PATH}/leveldb.framework",
				"${TARGET_BUILD_DIR}/${FRAMEWORKS_FOLDER_PATH}/nanopb.framework",
			);
			runOnlyForDeploymentPostprocessing = 0;
			shellPath = /bin/sh;
			shellScript = "\"${SRCROOT}/Pods/Target Support Files/Pods-CardGuru/Pods-CardGuru-frameworks.sh\"\n";
			showEnvVarsInLog = 0;
		};
		AAAB836904858FF86E4EC485 /* [CP] Check Pods Manifest.lock */ = {
			isa = PBXShellScriptBuildPhase;
			buildActionMask = 2147483647;
			files = (
			);
			inputPaths = (
				"${PODS_PODFILE_DIR_PATH}/Podfile.lock",
				"${PODS_ROOT}/Manifest.lock",
			);
			name = "[CP] Check Pods Manifest.lock";
			outputPaths = (
				"$(DERIVED_FILE_DIR)/Pods-CardGuru-checkManifestLockResult.txt",
			);
			runOnlyForDeploymentPostprocessing = 0;
			shellPath = /bin/sh;
			shellScript = "diff \"${PODS_PODFILE_DIR_PATH}/Podfile.lock\" \"${PODS_ROOT}/Manifest.lock\" > /dev/null\nif [ $? != 0 ] ; then\n    # print error to STDERR\n    echo \"error: The sandbox is not in sync with the Podfile.lock. Run 'pod install' or update your CocoaPods installation.\" >&2\n    exit 1\nfi\n# This output is used by Xcode 'outputs' to avoid re-running this script phase.\necho \"SUCCESS\" > \"${SCRIPT_OUTPUT_FILE_0}\"\n";
			showEnvVarsInLog = 0;
		};
		B9170A430BBCE1F8CCF481FB /* [CP] Copy Pods Resources */ = {
			isa = PBXShellScriptBuildPhase;
			buildActionMask = 2147483647;
			files = (
			);
			inputPaths = (
				"${SRCROOT}/Pods/Target Support Files/Pods-CardGuru/Pods-CardGuru-resources.sh",
				"${PODS_ROOT}/GoogleSignIn/Resources/GoogleSignIn.bundle",
			);
			name = "[CP] Copy Pods Resources";
			outputPaths = (
				"${TARGET_BUILD_DIR}/${UNLOCALIZED_RESOURCES_FOLDER_PATH}/GoogleSignIn.bundle",
			);
			runOnlyForDeploymentPostprocessing = 0;
			shellPath = /bin/sh;
			shellScript = "\"${SRCROOT}/Pods/Target Support Files/Pods-CardGuru/Pods-CardGuru-resources.sh\"\n";
			showEnvVarsInLog = 0;
		};
/* End PBXShellScriptBuildPhase section */

/* Begin PBXSourcesBuildPhase section */
		807D95F62159147C00ABB0D2 /* Sources */ = {
			isa = PBXSourcesBuildPhase;
			buildActionMask = 2147483647;
			files = (
				80E51F032195AA2600F43624 /* TouchLoginViewController.swift in Sources */,
				806FE3FC21A573B30009745A /* LastCard.swift in Sources */,
				803DDCEF2162361800BD91BC /* FirebaseDatabaseService.swift in Sources */,
				809706432164D64700185E82 /* FirebaseLoginService.swift in Sources */,
				803DDCF92162934500BD91BC /* DetailedViewController.swift in Sources */,
				809AA5ED2194902000AD1690 /* PreferencesTableViewController.swift in Sources */,
				804239FD217764A8004AC960 /* ScannerService.swift in Sources */,
				8097063F2164BEF800185E82 /* FbLoginService.swift in Sources */,
				8073E2EF21805CB300C380AD /* CheckLayer.swift in Sources */,
				80565DCE21B9A73D00A54088 /* LottieImages.swift in Sources */,
				8073E2F121805CDE00C380AD /* PhoneLayer.swift in Sources */,
				8073E2FE2180694800C380AD /* SquareLayer.swift in Sources */,
				80D01E922190771E00CA1AE6 /* Downloader.swift in Sources */,
				CEF63EF121BC5E6400BD0C2E /* AnimatedStartViewController.swift in Sources */,
				806FE3FE21A5749D0009745A /* ErrorToThrow.swift in Sources */,
				8095AC64219B4AF60025DD4C /* Connectivity.swift in Sources */,
				80FCB07021BA6DD800526E69 /* ProposeAddCardView.swift in Sources */,
				8093336E2159489000C02D11 /* HomeViewController.swift in Sources */,
				805C263F21C7CCC900F9A74D /* UIView+Extensions.swift in Sources */,
				8073E2EB21805C4100C380AD /* BackLayer.swift in Sources */,
				803DDCF1216255BE00BD91BC /* Card.swift in Sources */,
				8073E2FB2180609E00C380AD /* CAAnimation+Block.swift in Sources */,
				807D96002159147C00ABB0D2 /* LoginViewController.swift in Sources */,
				805C263D21C27C4C00F9A74D /* ManualCardView.swift in Sources */,
				807D95FE2159147C00ABB0D2 /* AppDelegate.swift in Sources */,
				8073E2ED21805C6500C380AD /* CardLayer.swift in Sources */,
				CECE4B08218F6C41000D52E9 /* ImagePickerClass.swift in Sources */,
				80AD24622199A3AE00415644 /* BarcodeGenerator.swift in Sources */,
				8051661121B030F5005275B1 /* TabBarController.swift in Sources */,
				809706362163B91500185E82 /* NavigationControllerService.swift in Sources */,
				8073E2F92180608C00C380AD /* Animations.swift in Sources */,
				8073E2E821805B0000C380AD /* AnimatedView.swift in Sources */,
				80933370215A37B900C02D11 /* User.swift in Sources */,
				8051664E21B6BA26005275B1 /* CardGradientLayer.swift in Sources */,
				80565DC821B9830800A54088 /* UIImageView+Extensions.swift in Sources */,
				8051664C21B69E70005275B1 /* CGImage+Extensions.swift in Sources */,
				8023AD74218728480041A04C /* EditCardViewController.swift in Sources */,
				804239F52176479D004AC960 /* UserDefaults+LoginData.swift in Sources */,
				809AA5E62194746100AD1690 /* LicenceViewController.swift in Sources */,
				803DDCF72162873300BD91BC /* CardCollectionViewCell.swift in Sources */,
				809333682159379900C02D11 /* GoogleLoginService.swift in Sources */,
				806FE3FA21A571A50009745A /* FileHandler.swift in Sources */,
				806EEF032170D55E00A6EFE6 /* StoryboardsName.swift in Sources */,
				8051665021B7CB1A005275B1 /* Effects.swift in Sources */,
				8073E2F621805D3C00C380AD /* UIImage+Extensions.swift in Sources */,
				CE462E092185125C0091D8C4 /* LoginBackgroundLayer.swift in Sources */,
				8095AC62219AE6370025DD4C /* LocalNotifications.swift in Sources */,
				803DDCFB21635B5A00BD91BC /* AccountViewController.swift in Sources */,
				80E51EFF2195A0F300F43624 /* Authenticator.swift in Sources */,
				8073E3052181CD1B00C380AD /* UIViewController+Extensions.swift in Sources */,
				804239FB21773669004AC960 /* ScannerViewController.swift in Sources */,
				809AA5E82194847A00AD1690 /* SafariView.swift in Sources */,
			);
			runOnlyForDeploymentPostprocessing = 0;
		};
/* End PBXSourcesBuildPhase section */

/* Begin PBXVariantGroup section */
		807D96012159147C00ABB0D2 /* Main.storyboard */ = {
			isa = PBXVariantGroup;
			children = (
				807D96022159147C00ABB0D2 /* Base */,
				8051661C21B55BC2005275B1 /* uk */,
			);
			name = Main.storyboard;
			sourceTree = "<group>";
		};
		807D96062159147E00ABB0D2 /* LaunchScreen.storyboard */ = {
			isa = PBXVariantGroup;
			children = (
				807D96072159147E00ABB0D2 /* Base */,
			);
			name = LaunchScreen.storyboard;
			sourceTree = "<group>";
		};
		80D51D4321A2CA5C00DD048B /* Localizable.strings */ = {
			isa = PBXVariantGroup;
			children = (
				80D51D4421A2CA5E00DD048B /* uk */,
			);
			name = Localizable.strings;
			sourceTree = "<group>";
		};
		80D51D4721A2CB6D00DD048B /* Preferences.storyboard */ = {
			isa = PBXVariantGroup;
			children = (
				80D51D4621A2CB6D00DD048B /* Base */,
				8051661321B03705005275B1 /* uk */,
			);
			name = Preferences.storyboard;
			sourceTree = "<group>";
		};
		80D51D4C21A2CB9200DD048B /* Login.storyboard */ = {
			isa = PBXVariantGroup;
			children = (
				80D51D4B21A2CB9200DD048B /* Base */,
			);
			name = Login.storyboard;
			sourceTree = "<group>";
		};
		80D51D5321A2CF2700DD048B /* TouchIDLogin.storyboard */ = {
			isa = PBXVariantGroup;
			children = (
				80D51D5221A2CF2700DD048B /* Base */,
			);
			name = TouchIDLogin.storyboard;
			sourceTree = "<group>";
		};
/* End PBXVariantGroup section */

/* Begin XCBuildConfiguration section */
		807D960A2159147E00ABB0D2 /* Debug */ = {
			isa = XCBuildConfiguration;
			buildSettings = {
				ALWAYS_SEARCH_USER_PATHS = NO;
				CLANG_ANALYZER_LOCALIZABILITY_NONLOCALIZED = YES;
				CLANG_ANALYZER_NONNULL = YES;
				CLANG_ANALYZER_NUMBER_OBJECT_CONVERSION = YES_AGGRESSIVE;
				CLANG_CXX_LANGUAGE_STANDARD = "gnu++14";
				CLANG_CXX_LIBRARY = "libc++";
				CLANG_ENABLE_MODULES = YES;
				CLANG_ENABLE_OBJC_ARC = YES;
				CLANG_ENABLE_OBJC_WEAK = YES;
				CLANG_WARN_BLOCK_CAPTURE_AUTORELEASING = YES;
				CLANG_WARN_BOOL_CONVERSION = YES;
				CLANG_WARN_COMMA = YES;
				CLANG_WARN_CONSTANT_CONVERSION = YES;
				CLANG_WARN_DEPRECATED_OBJC_IMPLEMENTATIONS = YES;
				CLANG_WARN_DIRECT_OBJC_ISA_USAGE = YES_ERROR;
				CLANG_WARN_DOCUMENTATION_COMMENTS = YES;
				CLANG_WARN_EMPTY_BODY = YES;
				CLANG_WARN_ENUM_CONVERSION = YES;
				CLANG_WARN_INFINITE_RECURSION = YES;
				CLANG_WARN_INT_CONVERSION = YES;
				CLANG_WARN_NON_LITERAL_NULL_CONVERSION = YES;
				CLANG_WARN_OBJC_IMPLICIT_RETAIN_SELF = YES;
				CLANG_WARN_OBJC_LITERAL_CONVERSION = YES;
				CLANG_WARN_OBJC_ROOT_CLASS = YES_ERROR;
				CLANG_WARN_RANGE_LOOP_ANALYSIS = YES;
				CLANG_WARN_STRICT_PROTOTYPES = YES;
				CLANG_WARN_SUSPICIOUS_MOVE = YES;
				CLANG_WARN_UNGUARDED_AVAILABILITY = YES_AGGRESSIVE;
				CLANG_WARN_UNREACHABLE_CODE = YES;
				CLANG_WARN__DUPLICATE_METHOD_MATCH = YES;
				CODE_SIGN_IDENTITY = "iPhone Developer";
				COPY_PHASE_STRIP = NO;
				DEBUG_INFORMATION_FORMAT = dwarf;
				ENABLE_STRICT_OBJC_MSGSEND = YES;
				ENABLE_TESTABILITY = YES;
				GCC_C_LANGUAGE_STANDARD = gnu11;
				GCC_DYNAMIC_NO_PIC = NO;
				GCC_NO_COMMON_BLOCKS = YES;
				GCC_OPTIMIZATION_LEVEL = 0;
				GCC_PREPROCESSOR_DEFINITIONS = (
					"DEBUG=1",
					"$(inherited)",
				);
				GCC_WARN_64_TO_32_BIT_CONVERSION = YES;
				GCC_WARN_ABOUT_RETURN_TYPE = YES_ERROR;
				GCC_WARN_UNDECLARED_SELECTOR = YES;
				GCC_WARN_UNINITIALIZED_AUTOS = YES_AGGRESSIVE;
				GCC_WARN_UNUSED_FUNCTION = YES;
				GCC_WARN_UNUSED_VARIABLE = YES;
				IPHONEOS_DEPLOYMENT_TARGET = 11.4;
				MTL_ENABLE_DEBUG_INFO = YES;
				ONLY_ACTIVE_ARCH = YES;
				SDKROOT = iphoneos;
				SWIFT_ACTIVE_COMPILATION_CONDITIONS = DEBUG;
				SWIFT_OPTIMIZATION_LEVEL = "-Onone";
			};
			name = Debug;
		};
		807D960B2159147E00ABB0D2 /* Release */ = {
			isa = XCBuildConfiguration;
			buildSettings = {
				ALWAYS_SEARCH_USER_PATHS = NO;
				CLANG_ANALYZER_LOCALIZABILITY_NONLOCALIZED = YES;
				CLANG_ANALYZER_NONNULL = YES;
				CLANG_ANALYZER_NUMBER_OBJECT_CONVERSION = YES_AGGRESSIVE;
				CLANG_CXX_LANGUAGE_STANDARD = "gnu++14";
				CLANG_CXX_LIBRARY = "libc++";
				CLANG_ENABLE_MODULES = YES;
				CLANG_ENABLE_OBJC_ARC = YES;
				CLANG_ENABLE_OBJC_WEAK = YES;
				CLANG_WARN_BLOCK_CAPTURE_AUTORELEASING = YES;
				CLANG_WARN_BOOL_CONVERSION = YES;
				CLANG_WARN_COMMA = YES;
				CLANG_WARN_CONSTANT_CONVERSION = YES;
				CLANG_WARN_DEPRECATED_OBJC_IMPLEMENTATIONS = YES;
				CLANG_WARN_DIRECT_OBJC_ISA_USAGE = YES_ERROR;
				CLANG_WARN_DOCUMENTATION_COMMENTS = YES;
				CLANG_WARN_EMPTY_BODY = YES;
				CLANG_WARN_ENUM_CONVERSION = YES;
				CLANG_WARN_INFINITE_RECURSION = YES;
				CLANG_WARN_INT_CONVERSION = YES;
				CLANG_WARN_NON_LITERAL_NULL_CONVERSION = YES;
				CLANG_WARN_OBJC_IMPLICIT_RETAIN_SELF = YES;
				CLANG_WARN_OBJC_LITERAL_CONVERSION = YES;
				CLANG_WARN_OBJC_ROOT_CLASS = YES_ERROR;
				CLANG_WARN_RANGE_LOOP_ANALYSIS = YES;
				CLANG_WARN_STRICT_PROTOTYPES = YES;
				CLANG_WARN_SUSPICIOUS_MOVE = YES;
				CLANG_WARN_UNGUARDED_AVAILABILITY = YES_AGGRESSIVE;
				CLANG_WARN_UNREACHABLE_CODE = YES;
				CLANG_WARN__DUPLICATE_METHOD_MATCH = YES;
				CODE_SIGN_IDENTITY = "iPhone Developer";
				COPY_PHASE_STRIP = NO;
				DEBUG_INFORMATION_FORMAT = "dwarf-with-dsym";
				ENABLE_NS_ASSERTIONS = NO;
				ENABLE_STRICT_OBJC_MSGSEND = YES;
				GCC_C_LANGUAGE_STANDARD = gnu11;
				GCC_NO_COMMON_BLOCKS = YES;
				GCC_WARN_64_TO_32_BIT_CONVERSION = YES;
				GCC_WARN_ABOUT_RETURN_TYPE = YES_ERROR;
				GCC_WARN_UNDECLARED_SELECTOR = YES;
				GCC_WARN_UNINITIALIZED_AUTOS = YES_AGGRESSIVE;
				GCC_WARN_UNUSED_FUNCTION = YES;
				GCC_WARN_UNUSED_VARIABLE = YES;
				IPHONEOS_DEPLOYMENT_TARGET = 11.4;
				MTL_ENABLE_DEBUG_INFO = NO;
				SDKROOT = iphoneos;
				SWIFT_COMPILATION_MODE = wholemodule;
				SWIFT_OPTIMIZATION_LEVEL = "-O";
				VALIDATE_PRODUCT = YES;
			};
			name = Release;
		};
		807D960D2159147E00ABB0D2 /* Debug */ = {
			isa = XCBuildConfiguration;
			baseConfigurationReference = C40CD970302DBBB3E575CE71 /* Pods-CardGuru.debug.xcconfig */;
			buildSettings = {
				ASSETCATALOG_COMPILER_APPICON_NAME = "AppIcon-1";
				CODE_SIGN_ENTITLEMENTS = CardGuru/CardGuru.entitlements;
				CODE_SIGN_STYLE = Automatic;
				DEVELOPMENT_TEAM = 34UQ9VN4VQ;
				INFOPLIST_FILE = CardGuru/Info.plist;
				LD_RUNPATH_SEARCH_PATHS = (
					"$(inherited)",
					"@executable_path/Frameworks",
				);
				PRODUCT_BUNDLE_IDENTIFIER = work.CardGuru;
				PRODUCT_NAME = "$(TARGET_NAME)";
				SWIFT_VERSION = 4.2;
				TARGETED_DEVICE_FAMILY = "1,2";
			};
			name = Debug;
		};
		807D960E2159147E00ABB0D2 /* Release */ = {
			isa = XCBuildConfiguration;
			baseConfigurationReference = 9F5B4B4F07FD8D38049C4AB0 /* Pods-CardGuru.release.xcconfig */;
			buildSettings = {
				ASSETCATALOG_COMPILER_APPICON_NAME = "AppIcon-1";
				CODE_SIGN_ENTITLEMENTS = CardGuru/CardGuru.entitlements;
				CODE_SIGN_STYLE = Automatic;
				DEVELOPMENT_TEAM = 34UQ9VN4VQ;
				INFOPLIST_FILE = CardGuru/Info.plist;
				LD_RUNPATH_SEARCH_PATHS = (
					"$(inherited)",
					"@executable_path/Frameworks",
				);
				PRODUCT_BUNDLE_IDENTIFIER = work.CardGuru;
				PRODUCT_NAME = "$(TARGET_NAME)";
				SWIFT_VERSION = 4.2;
				TARGETED_DEVICE_FAMILY = "1,2";
			};
			name = Release;
		};
/* End XCBuildConfiguration section */

/* Begin XCConfigurationList section */
		807D95F52159147C00ABB0D2 /* Build configuration list for PBXProject "CardGuru" */ = {
			isa = XCConfigurationList;
			buildConfigurations = (
				807D960A2159147E00ABB0D2 /* Debug */,
				807D960B2159147E00ABB0D2 /* Release */,
			);
			defaultConfigurationIsVisible = 0;
			defaultConfigurationName = Release;
		};
		807D960C2159147E00ABB0D2 /* Build configuration list for PBXNativeTarget "CardGuru" */ = {
			isa = XCConfigurationList;
			buildConfigurations = (
				807D960D2159147E00ABB0D2 /* Debug */,
				807D960E2159147E00ABB0D2 /* Release */,
			);
			defaultConfigurationIsVisible = 0;
			defaultConfigurationName = Release;
		};
/* End XCConfigurationList section */
	};
	rootObject = 807D95F22159147C00ABB0D2 /* Project object */;
}
